
Microsoft Visual Studio Solution File, Format Version 12.00
# Visual Studio 14
VisualStudioVersion = 14.0.23107.0
MinimumVisualStudioVersion = 10.0.40219.1
Project("{FAE04EC0-301F-11D3-BF4B-00C04F79EFBC}") = "UpamtiMe", "UpamtiMe\UpamtiMe.csproj", "{0F7F96FF-6825-425D-B9B4-09A28066A503}"
EndProject
Project("{FAE04EC0-301F-11D3-BF4B-00C04F79EFBC}") = "UpamtiMe.Tests", "UpamtiMe.Tests\UpamtiMe.Tests.csproj", "{6CC1C5AD-001E-475A-B443-7B3E045822E8}"
EndProject
Project("{FAE04EC0-301F-11D3-BF4B-00C04F79EFBC}") = "Data", "Data\Data.csproj", "{A56047A6-ED33-4245-9351-72DC413CBD79}"
EndProject
Global
	GlobalSection(SolutionConfigurationPlatforms) = preSolution
		Debug|Any CPU = Debug|Any CPU
		Release|Any CPU = Release|Any CPU
	EndGlobalSection
	GlobalSection(ProjectConfigurationPlatforms) = postSolution
		{0F7F96FF-6825-425D-B9B4-09A28066A503}.Debug|Any CPU.ActiveCfg = Debug|Any CPU
		{0F7F96FF-6825-425D-B9B4-09A28066A503}.Debug|Any CPU.Build.0 = Debug|Any CPU
		{0F7F96FF-6825-425D-B9B4-09A28066A503}.Release|Any CPU.ActiveCfg = Release|Any CPU
		{0F7F96FF-6825-425D-B9B4-09A28066A503}.Release|Any CPU.Build.0 = Release|Any CPU
		{6CC1C5AD-001E-475A-B443-7B3E045822E8}.Debug|Any CPU.ActiveCfg = Debug|Any CPU
		{6CC1C5AD-001E-475A-B443-7B3E045822E8}.Debug|Any CPU.Build.0 = Debug|Any CPU
		{6CC1C5AD-001E-475A-B443-7B3E045822E8}.Release|Any CPU.ActiveCfg = Release|Any CPU
		{6CC1C5AD-001E-475A-B443-7B3E045822E8}.Release|Any CPU.Build.0 = Release|Any CPU
		{A56047A6-ED33-4245-9351-72DC413CBD79}.Debug|Any CPU.ActiveCfg = Debug|Any CPU
		{A56047A6-ED33-4245-9351-72DC413CBD79}.Debug|Any CPU.Build.0 = Debug|Any CPU
		{A56047A6-ED33-4245-9351-72DC413CBD79}.Release|Any CPU.ActiveCfg = Release|Any CPU
		{A56047A6-ED33-4245-9351-72DC413CBD79}.Release|Any CPU.Build.0 = Release|Any CPU
	EndGlobalSection
	GlobalSection(SolutionProperties) = preSolution
		HideSolutionNode = FALSE
	EndGlobalSection
EndGlobal
